
Microsoft Visual Studio Solution File, Format Version 12.00
# Visual Studio Version 17
VisualStudioVersion = 17.13.35919.96 d17.13
MinimumVisualStudioVersion = 10.0.40219.1
Project("{FAE04EC0-301F-11D3-BF4B-00C04F79EFBC}") = "WebApplication1", "WebApplication1\WebApplication1.csproj", "{35BB6E85-8E4C-4E67-AFCE-42984B483150}"
EndProject
Global
	GlobalSection(SolutionConfigurationPlatforms) = preSolution
		Debug|Any CPU = Debug|Any CPU
		Release|Any CPU = Release|Any CPU
	EndGlobalSection
	GlobalSection(ProjectConfigurationPlatforms) = postSolution
		{35BB6E85-8E4C-4E67-AFCE-42984B483150}.Debug|Any CPU.ActiveCfg = Debug|Any CPU
		{35BB6E85-8E4C-4E67-AFCE-42984B483150}.Debug|Any CPU.Build.0 = Debug|Any CPU
		{35BB6E85-8E4C-4E67-AFCE-42984B483150}.Release|Any CPU.ActiveCfg = Release|Any CPU
		{35BB6E85-8E4C-4E67-AFCE-42984B483150}.Release|Any CPU.Build.0 = Release|Any CPU
	EndGlobalSection
	GlobalSection(SolutionProperties) = preSolution
		HideSolutionNode = FALSE
	EndGlobalSection
	GlobalSection(ExtensibilityGlobals) = postSolution
		SolutionGuid = {B8D03FFD-7249-4D85-95EE-06EFE69ED05D}
	EndGlobalSection
EndGlobal
